
Microsoft Visual Studio Solution File, Format Version 12.00
# Visual Studio 15
VisualStudioVersion = 15.0.26124.0
MinimumVisualStudioVersion = 15.0.26124.0
Project("{2150E333-8FDC-42A3-9474-1A3956D46DE8}") = "src", "src", "{84173DE1-2C4F-4682-AEBE-5471CACA6854}"
EndProject
Project("{2150E333-8FDC-42A3-9474-1A3956D46DE8}") = "B OpenGL Basic Tutorials", "B OpenGL Basic Tutorials", "{EE40D43D-E147-4D36-8DEC-ED04A74AD76C}"
EndProject
Project("{2150E333-8FDC-42A3-9474-1A3956D46DE8}") = "C OpenGL Advanced Tutorials", "C OpenGL Advanced Tutorials", "{981EACFB-6158-47EC-B70E-A02DD96EF9CA}"
EndProject
Project("{2150E333-8FDC-42A3-9474-1A3956D46DE8}") = "D Miscellaneous", "D Miscellaneous", "{33A28C2E-A8C9-484C-B31B-6EE097F706D7}"
EndProject
Project("{FAE04EC0-301F-11D3-BF4B-00C04F79EFBC}") = "Tutorial 1.1", "src\Basic Tutorials\Tutorial 1.1\Tutorial 1.1.csproj", "{F1CFF33F-4F75-4675-BBBD-706C28731686}"
EndProject
Project("{FAE04EC0-301F-11D3-BF4B-00C04F79EFBC}") = "Tutorial Base", "src\Basic Tutorials\Tutorial Base\Tutorial Base.csproj", "{FE160C8B-7DD7-42BC-ACF1-23F800961465}"
EndProject
Project("{FAE04EC0-301F-11D3-BF4B-00C04F79EFBC}") = "Tutorial 1.2", "src\Basic Tutorials\Tutorial 1.2\Tutorial 1.2.csproj", "{467FA2E8-A540-4F3D-B642-21AF8DE14F96}"
EndProject
Project("{FAE04EC0-301F-11D3-BF4B-00C04F79EFBC}") = "Tutorial 1.3", "src\Basic Tutorials\Tutorial 1.3\Tutorial 1.3.csproj", "{0CD1480E-8B79-4E38-BE75-6FEDFE6DFECD}"
EndProject
Project("{FAE04EC0-301F-11D3-BF4B-00C04F79EFBC}") = "Tutorial 1.4", "src\Basic Tutorials\Tutorial 1.4\Tutorial 1.4.csproj", "{10B7E608-B90B-41E6-867C-FB97A44BE785}"
EndProject
Project("{FAE04EC0-301F-11D3-BF4B-00C04F79EFBC}") = "Tutorial 1.5", "src\Basic Tutorials\Tutorial 1.5\Tutorial 1.5.csproj", "{53EFA13A-81E6-43EA-B33C-99C454513B5F}"
EndProject
Project("{FAE04EC0-301F-11D3-BF4B-00C04F79EFBC}") = "Tutorial 1.6", "src\Basic Tutorials\Tutorial 1.6\Tutorial 1.6.csproj", "{8461FBBD-3A69-4BE2-BE85-3E6D582CE216}"
EndProject
Project("{2150E333-8FDC-42A3-9474-1A3956D46DE8}") = "A Getting Started", "A Getting Started", "{4FFF78FE-93DF-43A9-94D9-F20C0E518C4C}"
EndProject
Global
	GlobalSection(SolutionConfigurationPlatforms) = preSolution
		Debug|Any CPU = Debug|Any CPU
		Debug|x64 = Debug|x64
		Debug|x86 = Debug|x86
		Release|Any CPU = Release|Any CPU
		Release|x64 = Release|x64
		Release|x86 = Release|x86
	EndGlobalSection
	GlobalSection(SolutionProperties) = preSolution
		HideSolutionNode = FALSE
	EndGlobalSection
	GlobalSection(NestedProjects) = preSolution
		{EE40D43D-E147-4D36-8DEC-ED04A74AD76C} = {84173DE1-2C4F-4682-AEBE-5471CACA6854}
		{981EACFB-6158-47EC-B70E-A02DD96EF9CA} = {84173DE1-2C4F-4682-AEBE-5471CACA6854}
		{33A28C2E-A8C9-484C-B31B-6EE097F706D7} = {84173DE1-2C4F-4682-AEBE-5471CACA6854}
		{F1CFF33F-4F75-4675-BBBD-706C28731686} = {EE40D43D-E147-4D36-8DEC-ED04A74AD76C}
		{FE160C8B-7DD7-42BC-ACF1-23F800961465} = {EE40D43D-E147-4D36-8DEC-ED04A74AD76C}
		{467FA2E8-A540-4F3D-B642-21AF8DE14F96} = {EE40D43D-E147-4D36-8DEC-ED04A74AD76C}
		{0CD1480E-8B79-4E38-BE75-6FEDFE6DFECD} = {EE40D43D-E147-4D36-8DEC-ED04A74AD76C}
		{10B7E608-B90B-41E6-867C-FB97A44BE785} = {EE40D43D-E147-4D36-8DEC-ED04A74AD76C}
		{53EFA13A-81E6-43EA-B33C-99C454513B5F} = {EE40D43D-E147-4D36-8DEC-ED04A74AD76C}
		{8461FBBD-3A69-4BE2-BE85-3E6D582CE216} = {EE40D43D-E147-4D36-8DEC-ED04A74AD76C}
		{4FFF78FE-93DF-43A9-94D9-F20C0E518C4C} = {84173DE1-2C4F-4682-AEBE-5471CACA6854}
	EndGlobalSection
	GlobalSection(ProjectConfigurationPlatforms) = postSolution
		{F1CFF33F-4F75-4675-BBBD-706C28731686}.Debug|Any CPU.ActiveCfg = Debug|Any CPU
		{F1CFF33F-4F75-4675-BBBD-706C28731686}.Debug|Any CPU.Build.0 = Debug|Any CPU
		{F1CFF33F-4F75-4675-BBBD-706C28731686}.Debug|x64.ActiveCfg = Debug|Any CPU
		{F1CFF33F-4F75-4675-BBBD-706C28731686}.Debug|x64.Build.0 = Debug|Any CPU
		{F1CFF33F-4F75-4675-BBBD-706C28731686}.Debug|x86.ActiveCfg = Debug|Any CPU
		{F1CFF33F-4F75-4675-BBBD-706C28731686}.Debug|x86.Build.0 = Debug|Any CPU
		{F1CFF33F-4F75-4675-BBBD-706C28731686}.Release|Any CPU.ActiveCfg = Release|Any CPU
		{F1CFF33F-4F75-4675-BBBD-706C28731686}.Release|Any CPU.Build.0 = Release|Any CPU
		{F1CFF33F-4F75-4675-BBBD-706C28731686}.Release|x64.ActiveCfg = Release|Any CPU
		{F1CFF33F-4F75-4675-BBBD-706C28731686}.Release|x64.Build.0 = Release|Any CPU
		{F1CFF33F-4F75-4675-BBBD-706C28731686}.Release|x86.ActiveCfg = Release|Any CPU
		{F1CFF33F-4F75-4675-BBBD-706C28731686}.Release|x86.Build.0 = Release|Any CPU
		{FE160C8B-7DD7-42BC-ACF1-23F800961465}.Debug|Any CPU.ActiveCfg = Debug|Any CPU
		{FE160C8B-7DD7-42BC-ACF1-23F800961465}.Debug|Any CPU.Build.0 = Debug|Any CPU
		{FE160C8B-7DD7-42BC-ACF1-23F800961465}.Debug|x64.ActiveCfg = Debug|Any CPU
		{FE160C8B-7DD7-42BC-ACF1-23F800961465}.Debug|x64.Build.0 = Debug|Any CPU
		{FE160C8B-7DD7-42BC-ACF1-23F800961465}.Debug|x86.ActiveCfg = Debug|Any CPU
		{FE160C8B-7DD7-42BC-ACF1-23F800961465}.Debug|x86.Build.0 = Debug|Any CPU
		{FE160C8B-7DD7-42BC-ACF1-23F800961465}.Release|Any CPU.ActiveCfg = Release|Any CPU
		{FE160C8B-7DD7-42BC-ACF1-23F800961465}.Release|Any CPU.Build.0 = Release|Any CPU
		{FE160C8B-7DD7-42BC-ACF1-23F800961465}.Release|x64.ActiveCfg = Release|Any CPU
		{FE160C8B-7DD7-42BC-ACF1-23F800961465}.Release|x64.Build.0 = Release|Any CPU
		{FE160C8B-7DD7-42BC-ACF1-23F800961465}.Release|x86.ActiveCfg = Release|Any CPU
		{FE160C8B-7DD7-42BC-ACF1-23F800961465}.Release|x86.Build.0 = Release|Any CPU
		{467FA2E8-A540-4F3D-B642-21AF8DE14F96}.Debug|Any CPU.ActiveCfg = Debug|Any CPU
		{467FA2E8-A540-4F3D-B642-21AF8DE14F96}.Debug|Any CPU.Build.0 = Debug|Any CPU
		{467FA2E8-A540-4F3D-B642-21AF8DE14F96}.Debug|x64.ActiveCfg = Debug|Any CPU
		{467FA2E8-A540-4F3D-B642-21AF8DE14F96}.Debug|x64.Build.0 = Debug|Any CPU
		{467FA2E8-A540-4F3D-B642-21AF8DE14F96}.Debug|x86.ActiveCfg = Debug|Any CPU
		{467FA2E8-A540-4F3D-B642-21AF8DE14F96}.Debug|x86.Build.0 = Debug|Any CPU
		{467FA2E8-A540-4F3D-B642-21AF8DE14F96}.Release|Any CPU.ActiveCfg = Release|Any CPU
		{467FA2E8-A540-4F3D-B642-21AF8DE14F96}.Release|Any CPU.Build.0 = Release|Any CPU
		{467FA2E8-A540-4F3D-B642-21AF8DE14F96}.Release|x64.ActiveCfg = Release|Any CPU
		{467FA2E8-A540-4F3D-B642-21AF8DE14F96}.Release|x64.Build.0 = Release|Any CPU
		{467FA2E8-A540-4F3D-B642-21AF8DE14F96}.Release|x86.ActiveCfg = Release|Any CPU
		{467FA2E8-A540-4F3D-B642-21AF8DE14F96}.Release|x86.Build.0 = Release|Any CPU
		{0CD1480E-8B79-4E38-BE75-6FEDFE6DFECD}.Debug|Any CPU.ActiveCfg = Debug|Any CPU
		{0CD1480E-8B79-4E38-BE75-6FEDFE6DFECD}.Debug|Any CPU.Build.0 = Debug|Any CPU
		{0CD1480E-8B79-4E38-BE75-6FEDFE6DFECD}.Debug|x64.ActiveCfg = Debug|Any CPU
		{0CD1480E-8B79-4E38-BE75-6FEDFE6DFECD}.Debug|x64.Build.0 = Debug|Any CPU
		{0CD1480E-8B79-4E38-BE75-6FEDFE6DFECD}.Debug|x86.ActiveCfg = Debug|Any CPU
		{0CD1480E-8B79-4E38-BE75-6FEDFE6DFECD}.Debug|x86.Build.0 = Debug|Any CPU
		{0CD1480E-8B79-4E38-BE75-6FEDFE6DFECD}.Release|Any CPU.ActiveCfg = Release|Any CPU
		{0CD1480E-8B79-4E38-BE75-6FEDFE6DFECD}.Release|Any CPU.Build.0 = Release|Any CPU
		{0CD1480E-8B79-4E38-BE75-6FEDFE6DFECD}.Release|x64.ActiveCfg = Release|Any CPU
		{0CD1480E-8B79-4E38-BE75-6FEDFE6DFECD}.Release|x64.Build.0 = Release|Any CPU
		{0CD1480E-8B79-4E38-BE75-6FEDFE6DFECD}.Release|x86.ActiveCfg = Release|Any CPU
		{0CD1480E-8B79-4E38-BE75-6FEDFE6DFECD}.Release|x86.Build.0 = Release|Any CPU
		{10B7E608-B90B-41E6-867C-FB97A44BE785}.Debug|Any CPU.ActiveCfg = Debug|Any CPU
		{10B7E608-B90B-41E6-867C-FB97A44BE785}.Debug|Any CPU.Build.0 = Debug|Any CPU
		{10B7E608-B90B-41E6-867C-FB97A44BE785}.Debug|x64.ActiveCfg = Debug|Any CPU
		{10B7E608-B90B-41E6-867C-FB97A44BE785}.Debug|x64.Build.0 = Debug|Any CPU
		{10B7E608-B90B-41E6-867C-FB97A44BE785}.Debug|x86.ActiveCfg = Debug|Any CPU
		{10B7E608-B90B-41E6-867C-FB97A44BE785}.Debug|x86.Build.0 = Debug|Any CPU
		{10B7E608-B90B-41E6-867C-FB97A44BE785}.Release|Any CPU.ActiveCfg = Release|Any CPU
		{10B7E608-B90B-41E6-867C-FB97A44BE785}.Release|Any CPU.Build.0 = Release|Any CPU
		{10B7E608-B90B-41E6-867C-FB97A44BE785}.Release|x64.ActiveCfg = Release|Any CPU
		{10B7E608-B90B-41E6-867C-FB97A44BE785}.Release|x64.Build.0 = Release|Any CPU
		{10B7E608-B90B-41E6-867C-FB97A44BE785}.Release|x86.ActiveCfg = Release|Any CPU
		{10B7E608-B90B-41E6-867C-FB97A44BE785}.Release|x86.Build.0 = Release|Any CPU
		{53EFA13A-81E6-43EA-B33C-99C454513B5F}.Debug|Any CPU.ActiveCfg = Debug|Any CPU
		{53EFA13A-81E6-43EA-B33C-99C454513B5F}.Debug|Any CPU.Build.0 = Debug|Any CPU
		{53EFA13A-81E6-43EA-B33C-99C454513B5F}.Debug|x64.ActiveCfg = Debug|Any CPU
		{53EFA13A-81E6-43EA-B33C-99C454513B5F}.Debug|x64.Build.0 = Debug|Any CPU
		{53EFA13A-81E6-43EA-B33C-99C454513B5F}.Debug|x86.ActiveCfg = Debug|Any CPU
		{53EFA13A-81E6-43EA-B33C-99C454513B5F}.Debug|x86.Build.0 = Debug|Any CPU
		{53EFA13A-81E6-43EA-B33C-99C454513B5F}.Release|Any CPU.ActiveCfg = Release|Any CPU
		{53EFA13A-81E6-43EA-B33C-99C454513B5F}.Release|Any CPU.Build.0 = Release|Any CPU
		{53EFA13A-81E6-43EA-B33C-99C454513B5F}.Release|x64.ActiveCfg = Release|Any CPU
		{53EFA13A-81E6-43EA-B33C-99C454513B5F}.Release|x64.Build.0 = Release|Any CPU
		{53EFA13A-81E6-43EA-B33C-99C454513B5F}.Release|x86.ActiveCfg = Release|Any CPU
		{53EFA13A-81E6-43EA-B33C-99C454513B5F}.Release|x86.Build.0 = Release|Any CPU
		{8461FBBD-3A69-4BE2-BE85-3E6D582CE216}.Debug|Any CPU.ActiveCfg = Debug|Any CPU
		{8461FBBD-3A69-4BE2-BE85-3E6D582CE216}.Debug|Any CPU.Build.0 = Debug|Any CPU
		{8461FBBD-3A69-4BE2-BE85-3E6D582CE216}.Debug|x64.ActiveCfg = Debug|Any CPU
		{8461FBBD-3A69-4BE2-BE85-3E6D582CE216}.Debug|x64.Build.0 = Debug|Any CPU
		{8461FBBD-3A69-4BE2-BE85-3E6D582CE216}.Debug|x86.ActiveCfg = Debug|Any CPU
		{8461FBBD-3A69-4BE2-BE85-3E6D582CE216}.Debug|x86.Build.0 = Debug|Any CPU
		{8461FBBD-3A69-4BE2-BE85-3E6D582CE216}.Release|Any CPU.ActiveCfg = Release|Any CPU
		{8461FBBD-3A69-4BE2-BE85-3E6D582CE216}.Release|Any CPU.Build.0 = Release|Any CPU
		{8461FBBD-3A69-4BE2-BE85-3E6D582CE216}.Release|x64.ActiveCfg = Release|Any CPU
		{8461FBBD-3A69-4BE2-BE85-3E6D582CE216}.Release|x64.Build.0 = Release|Any CPU
		{8461FBBD-3A69-4BE2-BE85-3E6D582CE216}.Release|x86.ActiveCfg = Release|Any CPU
		{8461FBBD-3A69-4BE2-BE85-3E6D582CE216}.Release|x86.Build.0 = Release|Any CPU
	EndGlobalSection
EndGlobal
